// !$*UTF8*$!
{
	archiveVersion = 1;
	classes = {
	};
	objectVersion = 50;
	objects = {

/* Begin PBXBuildFile section */
		FD1FE1822687D0760059197C /* AppDelegate.swift in Sources */ = {isa = PBXBuildFile; fileRef = FD1FE1812687D0760059197C /* AppDelegate.swift */; };
		FD1FE1842687D0760059197C /* SceneDelegate.swift in Sources */ = {isa = PBXBuildFile; fileRef = FD1FE1832687D0760059197C /* SceneDelegate.swift */; };
		FD1FE1862687D0760059197C /* ViewController.swift in Sources */ = {isa = PBXBuildFile; fileRef = FD1FE1852687D0760059197C /* ViewController.swift */; };
		FD1FE1892687D0760059197C /* Main.storyboard in Resources */ = {isa = PBXBuildFile; fileRef = FD1FE1872687D0760059197C /* Main.storyboard */; };
		FD1FE18B2687D0770059197C /* Assets.xcassets in Resources */ = {isa = PBXBuildFile; fileRef = FD1FE18A2687D0770059197C /* Assets.xcassets */; };
		FD1FE18E2687D0770059197C /* LaunchScreen.storyboard in Resources */ = {isa = PBXBuildFile; fileRef = FD1FE18C2687D0770059197C /* LaunchScreen.storyboard */; };
		FD1FE19B2687D37D0059197C /* Tabbar.storyboard in Resources */ = {isa = PBXBuildFile; fileRef = FD1FE19A2687D37D0059197C /* Tabbar.storyboard */; };
		FD1FE19D2687DE740059197C /* TabBarContoller.swift in Sources */ = {isa = PBXBuildFile; fileRef = FD1FE19C2687DE740059197C /* TabBarContoller.swift */; };
		FD1FE1A42687E0B40059197C /* FeedViewController.swift in Sources */ = {isa = PBXBuildFile; fileRef = FD1FE1A32687E0B40059197C /* FeedViewController.swift */; };
		FD1FE1A62687E0CA0059197C /* SearchViewController.swift in Sources */ = {isa = PBXBuildFile; fileRef = FD1FE1A52687E0CA0059197C /* SearchViewController.swift */; };
		FD1FE1A82687E0D60059197C /* ChatViewController.swift in Sources */ = {isa = PBXBuildFile; fileRef = FD1FE1A72687E0D60059197C /* ChatViewController.swift */; };
		FD1FE1AA2687E0E80059197C /* NotificationViewController.swift in Sources */ = {isa = PBXBuildFile; fileRef = FD1FE1A92687E0E80059197C /* NotificationViewController.swift */; };
		FD1FE1AC2687E0F30059197C /* ProfileViewController.swift in Sources */ = {isa = PBXBuildFile; fileRef = FD1FE1AB2687E0F30059197C /* ProfileViewController.swift */; };
/* End PBXBuildFile section */

/* Begin PBXFileReference section */
		FD1FE17E2687D0760059197C /* vk.app */ = {isa = PBXFileReference; explicitFileType = wrapper.application; includeInIndex = 0; path = vk.app; sourceTree = BUILT_PRODUCTS_DIR; };
		FD1FE1812687D0760059197C /* AppDelegate.swift */ = {isa = PBXFileReference; lastKnownFileType = sourcecode.swift; path = AppDelegate.swift; sourceTree = "<group>"; };
		FD1FE1832687D0760059197C /* SceneDelegate.swift */ = {isa = PBXFileReference; lastKnownFileType = sourcecode.swift; path = SceneDelegate.swift; sourceTree = "<group>"; };
		FD1FE1852687D0760059197C /* ViewController.swift */ = {isa = PBXFileReference; lastKnownFileType = sourcecode.swift; path = ViewController.swift; sourceTree = "<group>"; };
		FD1FE1882687D0760059197C /* Base */ = {isa = PBXFileReference; lastKnownFileType = file.storyboard; name = Base; path = Base.lproj/Main.storyboard; sourceTree = "<group>"; };
		FD1FE18A2687D0770059197C /* Assets.xcassets */ = {isa = PBXFileReference; lastKnownFileType = folder.assetcatalog; path = Assets.xcassets; sourceTree = "<group>"; };
		FD1FE18D2687D0770059197C /* Base */ = {isa = PBXFileReference; lastKnownFileType = file.storyboard; name = Base; path = Base.lproj/LaunchScreen.storyboard; sourceTree = "<group>"; };
		FD1FE18F2687D0770059197C /* Info.plist */ = {isa = PBXFileReference; lastKnownFileType = text.plist.xml; path = Info.plist; sourceTree = "<group>"; };
		FD1FE19A2687D37D0059197C /* Tabbar.storyboard */ = {isa = PBXFileReference; lastKnownFileType = file.storyboard; path = Tabbar.storyboard; sourceTree = "<group>"; };
		FD1FE19C2687DE740059197C /* TabBarContoller.swift */ = {isa = PBXFileReference; lastKnownFileType = sourcecode.swift; path = TabBarContoller.swift; sourceTree = "<group>"; };
		FD1FE1A32687E0B40059197C /* FeedViewController.swift */ = {isa = PBXFileReference; lastKnownFileType = sourcecode.swift; path = FeedViewController.swift; sourceTree = "<group>"; };
		FD1FE1A52687E0CA0059197C /* SearchViewController.swift */ = {isa = PBXFileReference; lastKnownFileType = sourcecode.swift; path = SearchViewController.swift; sourceTree = "<group>"; };
		FD1FE1A72687E0D60059197C /* ChatViewController.swift */ = {isa = PBXFileReference; lastKnownFileType = sourcecode.swift; path = ChatViewController.swift; sourceTree = "<group>"; };
		FD1FE1A92687E0E80059197C /* NotificationViewController.swift */ = {isa = PBXFileReference; lastKnownFileType = sourcecode.swift; path = NotificationViewController.swift; sourceTree = "<group>"; };
		FD1FE1AB2687E0F30059197C /* ProfileViewController.swift */ = {isa = PBXFileReference; lastKnownFileType = sourcecode.swift; path = ProfileViewController.swift; sourceTree = "<group>"; };
/* End PBXFileReference section */

/* Begin PBXFrameworksBuildPhase section */
		FD1FE17B2687D0760059197C /* Frameworks */ = {
			isa = PBXFrameworksBuildPhase;
			buildActionMask = 2147483647;
			files = (
			);
			runOnlyForDeploymentPostprocessing = 0;
		};
/* End PBXFrameworksBuildPhase section */

/* Begin PBXGroup section */
		FD1FE1752687D0760059197C = {
			isa = PBXGroup;
			children = (
				FD1FE1802687D0760059197C /* vk */,
				FD1FE17F2687D0760059197C /* Products */,
			);
			sourceTree = "<group>";
		};
		FD1FE17F2687D0760059197C /* Products */ = {
			isa = PBXGroup;
			children = (
				FD1FE17E2687D0760059197C /* vk.app */,
			);
			name = Products;
			sourceTree = "<group>";
		};
		FD1FE1802687D0760059197C /* vk */ = {
			isa = PBXGroup;
			children = (
				FD1FE1952687D0980059197C /* Application */,
				FD1FE1972687D0C10059197C /* Main */,
				FD1FE1992687D3440059197C /* Tabbar */,
				FD1FE18A2687D0770059197C /* Assets.xcassets */,
				FD1FE18C2687D0770059197C /* LaunchScreen.storyboard */,
				FD1FE18F2687D0770059197C /* Info.plist */,
			);
			path = vk;
			sourceTree = "<group>";
		};
		FD1FE1952687D0980059197C /* Application */ = {
			isa = PBXGroup;
			children = (
				FD1FE1832687D0760059197C /* SceneDelegate.swift */,
				FD1FE1812687D0760059197C /* AppDelegate.swift */,
			);
			path = Application;
			sourceTree = "<group>";
		};
		FD1FE1972687D0C10059197C /* Main */ = {
			isa = PBXGroup;
			children = (
				FD1FE1872687D0760059197C /* Main.storyboard */,
				FD1FE1852687D0760059197C /* ViewController.swift */,
			);
			path = Main;
			sourceTree = "<group>";
		};
		FD1FE1992687D3440059197C /* Tabbar */ = {
			isa = PBXGroup;
			children = (
				FD1FE19E2687DFCD0059197C /* feed */,
				FD1FE19F2687DFDE0059197C /* search */,
				FD1FE1A02687DFED0059197C /* chat */,
				FD1FE1A12687DFFA0059197C /* notifications */,
				FD1FE1A22687E0040059197C /* profile */,
				FD1FE19A2687D37D0059197C /* Tabbar.storyboard */,
				FD1FE19C2687DE740059197C /* TabBarContoller.swift */,
			);
			path = Tabbar;
			sourceTree = "<group>";
		};
		FD1FE19E2687DFCD0059197C /* feed */ = {
			isa = PBXGroup;
			children = (
				FD1FE1A32687E0B40059197C /* FeedViewController.swift */,
			);
			path = feed;
			sourceTree = "<group>";
		};
		FD1FE19F2687DFDE0059197C /* search */ = {
			isa = PBXGroup;
			children = (
				FD1FE1A52687E0CA0059197C /* SearchViewController.swift */,
			);
			path = search;
			sourceTree = "<group>";
		};
		FD1FE1A02687DFED0059197C /* chat */ = {
			isa = PBXGroup;
			children = (
				FD1FE1A72687E0D60059197C /* ChatViewController.swift */,
			);
			path = chat;
			sourceTree = "<group>";
		};
		FD1FE1A12687DFFA0059197C /* notifications */ = {
			isa = PBXGroup;
			children = (
				FD1FE1A92687E0E80059197C /* NotificationViewController.swift */,
			);
			path = notifications;
			sourceTree = "<group>";
		};
		FD1FE1A22687E0040059197C /* profile */ = {
			isa = PBXGroup;
			children = (
				FD1FE1AB2687E0F30059197C /* ProfileViewController.swift */,
			);
			path = profile;
			sourceTree = "<group>";
		};
/* End PBXGroup section */

/* Begin PBXNativeTarget section */
		FD1FE17D2687D0760059197C /* vk */ = {
			isa = PBXNativeTarget;
			buildConfigurationList = FD1FE1922687D0770059197C /* Build configuration list for PBXNativeTarget "vk" */;
			buildPhases = (
				FD1FE17A2687D0760059197C /* Sources */,
				FD1FE17B2687D0760059197C /* Frameworks */,
				FD1FE17C2687D0760059197C /* Resources */,
			);
			buildRules = (
			);
			dependencies = (
			);
			name = vk;
			productName = vk;
			productReference = FD1FE17E2687D0760059197C /* vk.app */;
			productType = "com.apple.product-type.application";
		};
/* End PBXNativeTarget section */

/* Begin PBXProject section */
		FD1FE1762687D0760059197C /* Project object */ = {
			isa = PBXProject;
			attributes = {
				LastSwiftUpdateCheck = 1250;
				LastUpgradeCheck = 1250;
				TargetAttributes = {
					FD1FE17D2687D0760059197C = {
						CreatedOnToolsVersion = 12.5;
					};
				};
			};
			buildConfigurationList = FD1FE1792687D0760059197C /* Build configuration list for PBXProject "vk" */;
			compatibilityVersion = "Xcode 9.3";
			developmentRegion = en;
			hasScannedForEncodings = 0;
			knownRegions = (
				en,
				Base,
			);
			mainGroup = FD1FE1752687D0760059197C;
			productRefGroup = FD1FE17F2687D0760059197C /* Products */;
			projectDirPath = "";
			projectRoot = "";
			targets = (
				FD1FE17D2687D0760059197C /* vk */,
			);
		};
/* End PBXProject section */

/* Begin PBXResourcesBuildPhase section */
		FD1FE17C2687D0760059197C /* Resources */ = {
			isa = PBXResourcesBuildPhase;
			buildActionMask = 2147483647;
			files = (
				FD1FE19B2687D37D0059197C /* Tabbar.storyboard in Resources */,
				FD1FE18E2687D0770059197C /* LaunchScreen.storyboard in Resources */,
				FD1FE18B2687D0770059197C /* Assets.xcassets in Resources */,
				FD1FE1892687D0760059197C /* Main.storyboard in Resources */,
			);
			runOnlyForDeploymentPostprocessing = 0;
		};
/* End PBXResourcesBuildPhase section */

/* Begin PBXSourcesBuildPhase section */
		FD1FE17A2687D0760059197C /* Sources */ = {
			isa = PBXSourcesBuildPhase;
			buildActionMask = 2147483647;
			files = (
				FD1FE1A62687E0CA0059197C /* SearchViewController.swift in Sources */,
				FD1FE1862687D0760059197C /* ViewController.swift in Sources */,
				FD1FE1AA2687E0E80059197C /* NotificationViewController.swift in Sources */,
				FD1FE1822687D0760059197C /* AppDelegate.swift in Sources */,
				FD1FE1A82687E0D60059197C /* ChatViewController.swift in Sources */,
				FD1FE1A42687E0B40059197C /* FeedViewController.swift in Sources */,
				FD1FE1AC2687E0F30059197C /* ProfileViewController.swift in Sources */,
				FD1FE19D2687DE740059197C /* TabBarContoller.swift in Sources */,
				FD1FE1842687D0760059197C /* SceneDelegate.swift in Sources */,
			);
			runOnlyForDeploymentPostprocessing = 0;
		};
/* End PBXSourcesBuildPhase section */

/* Begin PBXVariantGroup section */
		FD1FE1872687D0760059197C /* Main.storyboard */ = {
			isa = PBXVariantGroup;
			children = (
				FD1FE1882687D0760059197C /* Base */,
			);
			name = Main.storyboard;
			sourceTree = "<group>";
		};
		FD1FE18C2687D0770059197C /* LaunchScreen.storyboard */ = {
			isa = PBXVariantGroup;
			children = (
				FD1FE18D2687D0770059197C /* Base */,
			);
			name = LaunchScreen.storyboard;
			sourceTree = "<group>";
		};
/* End PBXVariantGroup section */

/* Begin XCBuildConfiguration section */
		FD1FE1902687D0770059197C /* Debug */ = {
			isa = XCBuildConfiguration;
			buildSettings = {
				ALWAYS_SEARCH_USER_PATHS = NO;
				CLANG_ANALYZER_NONNULL = YES;
				CLANG_ANALYZER_NUMBER_OBJECT_CONVERSION = YES_AGGRESSIVE;
				CLANG_CXX_LANGUAGE_STANDARD = "gnu++14";
				CLANG_CXX_LIBRARY = "libc++";
				CLANG_ENABLE_MODULES = YES;
				CLANG_ENABLE_OBJC_ARC = YES;
				CLANG_ENABLE_OBJC_WEAK = YES;
				CLANG_WARN_BLOCK_CAPTURE_AUTORELEASING = YES;
				CLANG_WARN_BOOL_CONVERSION = YES;
				CLANG_WARN_COMMA = YES;
				CLANG_WARN_CONSTANT_CONVERSION = YES;
				CLANG_WARN_DEPRECATED_OBJC_IMPLEMENTATIONS = YES;
				CLANG_WARN_DIRECT_OBJC_ISA_USAGE = YES_ERROR;
				CLANG_WARN_DOCUMENTATION_COMMENTS = YES;
				CLANG_WARN_EMPTY_BODY = YES;
				CLANG_WARN_ENUM_CONVERSION = YES;
				CLANG_WARN_INFINITE_RECURSION = YES;
				CLANG_WARN_INT_CONVERSION = YES;
				CLANG_WARN_NON_LITERAL_NULL_CONVERSION = YES;
				CLANG_WARN_OBJC_IMPLICIT_RETAIN_SELF = YES;
				CLANG_WARN_OBJC_LITERAL_CONVERSION = YES;
				CLANG_WARN_OBJC_ROOT_CLASS = YES_ERROR;
				CLANG_WARN_QUOTED_INCLUDE_IN_FRAMEWORK_HEADER = YES;
				CLANG_WARN_RANGE_LOOP_ANALYSIS = YES;
				CLANG_WARN_STRICT_PROTOTYPES = YES;
				CLANG_WARN_SUSPICIOUS_MOVE = YES;
				CLANG_WARN_UNGUARDED_AVAILABILITY = YES_AGGRESSIVE;
				CLANG_WARN_UNREACHABLE_CODE = YES;
				CLANG_WARN__DUPLICATE_METHOD_MATCH = YES;
				COPY_PHASE_STRIP = NO;
				DEBUG_INFORMATION_FORMAT = dwarf;
				ENABLE_STRICT_OBJC_MSGSEND = YES;
				ENABLE_TESTABILITY = YES;
				GCC_C_LANGUAGE_STANDARD = gnu11;
				GCC_DYNAMIC_NO_PIC = NO;
				GCC_NO_COMMON_BLOCKS = YES;
				GCC_OPTIMIZATION_LEVEL = 0;
				GCC_PREPROCESSOR_DEFINITIONS = (
					"DEBUG=1",
					"$(inherited)",
				);
				GCC_WARN_64_TO_32_BIT_CONVERSION = YES;
				GCC_WARN_ABOUT_RETURN_TYPE = YES_ERROR;
				GCC_WARN_UNDECLARED_SELECTOR = YES;
				GCC_WARN_UNINITIALIZED_AUTOS = YES_AGGRESSIVE;
				GCC_WARN_UNUSED_FUNCTION = YES;
				GCC_WARN_UNUSED_VARIABLE = YES;
				IPHONEOS_DEPLOYMENT_TARGET = 14.5;
				MTL_ENABLE_DEBUG_INFO = INCLUDE_SOURCE;
				MTL_FAST_MATH = YES;
				ONLY_ACTIVE_ARCH = YES;
				SDKROOT = iphoneos;
				SWIFT_ACTIVE_COMPILATION_CONDITIONS = DEBUG;
				SWIFT_OPTIMIZATION_LEVEL = "-Onone";
			};
			name = Debug;
		};
		FD1FE1912687D0770059197C /* Release */ = {
			isa = XCBuildConfiguration;
			buildSettings = {
				ALWAYS_SEARCH_USER_PATHS = NO;
				CLANG_ANALYZER_NONNULL = YES;
				CLANG_ANALYZER_NUMBER_OBJECT_CONVERSION = YES_AGGRESSIVE;
				CLANG_CXX_LANGUAGE_STANDARD = "gnu++14";
				CLANG_CXX_LIBRARY = "libc++";
				CLANG_ENABLE_MODULES = YES;
				CLANG_ENABLE_OBJC_ARC = YES;
				CLANG_ENABLE_OBJC_WEAK = YES;
				CLANG_WARN_BLOCK_CAPTURE_AUTORELEASING = YES;
				CLANG_WARN_BOOL_CONVERSION = YES;
				CLANG_WARN_COMMA = YES;
				CLANG_WARN_CONSTANT_CONVERSION = YES;
				CLANG_WARN_DEPRECATED_OBJC_IMPLEMENTATIONS = YES;
				CLANG_WARN_DIRECT_OBJC_ISA_USAGE = YES_ERROR;
				CLANG_WARN_DOCUMENTATION_COMMENTS = YES;
				CLANG_WARN_EMPTY_BODY = YES;
				CLANG_WARN_ENUM_CONVERSION = YES;
				CLANG_WARN_INFINITE_RECURSION = YES;
				CLANG_WARN_INT_CONVERSION = YES;
				CLANG_WARN_NON_LITERAL_NULL_CONVERSION = YES;
				CLANG_WARN_OBJC_IMPLICIT_RETAIN_SELF = YES;
				CLANG_WARN_OBJC_LITERAL_CONVERSION = YES;
				CLANG_WARN_OBJC_ROOT_CLASS = YES_ERROR;
				CLANG_WARN_QUOTED_INCLUDE_IN_FRAMEWORK_HEADER = YES;
				CLANG_WARN_RANGE_LOOP_ANALYSIS = YES;
				CLANG_WARN_STRICT_PROTOTYPES = YES;
				CLANG_WARN_SUSPICIOUS_MOVE = YES;
				CLANG_WARN_UNGUARDED_AVAILABILITY = YES_AGGRESSIVE;
				CLANG_WARN_UNREACHABLE_CODE = YES;
				CLANG_WARN__DUPLICATE_METHOD_MATCH = YES;
				COPY_PHASE_STRIP = NO;
				DEBUG_INFORMATION_FORMAT = "dwarf-with-dsym";
				ENABLE_NS_ASSERTIONS = NO;
				ENABLE_STRICT_OBJC_MSGSEND = YES;
				GCC_C_LANGUAGE_STANDARD = gnu11;
				GCC_NO_COMMON_BLOCKS = YES;
				GCC_WARN_64_TO_32_BIT_CONVERSION = YES;
				GCC_WARN_ABOUT_RETURN_TYPE = YES_ERROR;
				GCC_WARN_UNDECLARED_SELECTOR = YES;
				GCC_WARN_UNINITIALIZED_AUTOS = YES_AGGRESSIVE;
				GCC_WARN_UNUSED_FUNCTION = YES;
				GCC_WARN_UNUSED_VARIABLE = YES;
				IPHONEOS_DEPLOYMENT_TARGET = 14.5;
				MTL_ENABLE_DEBUG_INFO = NO;
				MTL_FAST_MATH = YES;
				SDKROOT = iphoneos;
				SWIFT_COMPILATION_MODE = wholemodule;
				SWIFT_OPTIMIZATION_LEVEL = "-O";
				VALIDATE_PRODUCT = YES;
			};
			name = Release;
		};
		FD1FE1932687D0770059197C /* Debug */ = {
			isa = XCBuildConfiguration;
			buildSettings = {
				ASSETCATALOG_COMPILER_APPICON_NAME = AppIcon;
				ASSETCATALOG_COMPILER_GLOBAL_ACCENT_COLOR_NAME = AccentColor;
				CODE_SIGN_STYLE = Automatic;
				INFOPLIST_FILE = vk/Info.plist;
				LD_RUNPATH_SEARCH_PATHS = (
					"$(inherited)",
					"@executable_path/Frameworks",
				);
				PRODUCT_BUNDLE_IDENTIFIER = stepan.vk;
				PRODUCT_NAME = "$(TARGET_NAME)";
				SWIFT_VERSION = 5.0;
				TARGETED_DEVICE_FAMILY = "1,2";
			};
			name = Debug;
		};
		FD1FE1942687D0770059197C /* Release */ = {
			isa = XCBuildConfiguration;
			buildSettings = {
				ASSETCATALOG_COMPILER_APPICON_NAME = AppIcon;
				ASSETCATALOG_COMPILER_GLOBAL_ACCENT_COLOR_NAME = AccentColor;
				CODE_SIGN_STYLE = Automatic;
				INFOPLIST_FILE = vk/Info.plist;
				LD_RUNPATH_SEARCH_PATHS = (
					"$(inherited)",
					"@executable_path/Frameworks",
				);
				PRODUCT_BUNDLE_IDENTIFIER = stepan.vk;
				PRODUCT_NAME = "$(TARGET_NAME)";
				SWIFT_VERSION = 5.0;
				TARGETED_DEVICE_FAMILY = "1,2";
			};
			name = Release;
		};
/* End XCBuildConfiguration section */

/* Begin XCConfigurationList section */
		FD1FE1792687D0760059197C /* Build configuration list for PBXProject "vk" */ = {
			isa = XCConfigurationList;
			buildConfigurations = (
				FD1FE1902687D0770059197C /* Debug */,
				FD1FE1912687D0770059197C /* Release */,
			);
			defaultConfigurationIsVisible = 0;
			defaultConfigurationName = Release;
		};
		FD1FE1922687D0770059197C /* Build configuration list for PBXNativeTarget "vk" */ = {
			isa = XCConfigurationList;
			buildConfigurations = (
				FD1FE1932687D0770059197C /* Debug */,
				FD1FE1942687D0770059197C /* Release */,
			);
			defaultConfigurationIsVisible = 0;
			defaultConfigurationName = Release;
		};
/* End XCConfigurationList section */
	};
	rootObject = FD1FE1762687D0760059197C /* Project object */;
}
